
Microsoft Visual Studio Solution File, Format Version 12.00
# Visual Studio Version 17
VisualStudioVersion = 17.13.35931.197 d17.13
MinimumVisualStudioVersion = 10.0.40219.1
Project("{FAE04EC0-301F-11D3-BF4B-00C04F79EFBC}") = "LinuxResourceMonitorApp", "LinuxResourceMonitorApp\LinuxResourceMonitorApp.csproj", "{BB913926-5A5E-4DD7-9EE1-49D1B8D56A72}"
EndProject
Global
	GlobalSection(SolutionConfigurationPlatforms) = preSolution
		Debug|Any CPU = Debug|Any CPU
		Release|Any CPU = Release|Any CPU
	EndGlobalSection
	GlobalSection(ProjectConfigurationPlatforms) = postSolution
		{BB913926-5A5E-4DD7-9EE1-49D1B8D56A72}.Debug|Any CPU.ActiveCfg = Debug|Any CPU
		{BB913926-5A5E-4DD7-9EE1-49D1B8D56A72}.Debug|Any CPU.Build.0 = Debug|Any CPU
		{BB913926-5A5E-4DD7-9EE1-49D1B8D56A72}.Release|Any CPU.ActiveCfg = Release|Any CPU
		{BB913926-5A5E-4DD7-9EE1-49D1B8D56A72}.Release|Any CPU.Build.0 = Release|Any CPU
	EndGlobalSection
	GlobalSection(SolutionProperties) = preSolution
		HideSolutionNode = FALSE
	EndGlobalSection
	GlobalSection(ExtensibilityGlobals) = postSolution
		SolutionGuid = {8BEB1449-5E58-4E19-9FC7-DAB9005C8FC9}
	EndGlobalSection
EndGlobal
